
Microsoft Visual Studio Solution File, Format Version 12.00
# Visual Studio Version 17
VisualStudioVersion = 17.11.35208.52
MinimumVisualStudioVersion = 10.0.40219.1
Project("{2150E333-8FDC-42A3-9474-1A3956D46DE8}") = "src", "src", "{B7BAFC26-D3E2-460A-907C-E52CBF286F17}"
EndProject
Project("{9A19103F-16F7-4668-BE54-9A1E7A4F7556}") = "Lesson1", "src\Lesson1\Lesson1.csproj", "{B99F4CE4-5E8E-47D2-BAD2-A980AC728AC8}"
EndProject
Project("{9A19103F-16F7-4668-BE54-9A1E7A4F7556}") = "Lesson2", "Lesson2\Lesson2.csproj", "{463552C8-A94E-4BF1-92C1-B98F5612F576}"
EndProject
Project("{9A19103F-16F7-4668-BE54-9A1E7A4F7556}") = "Lesson3", "Lesson3\Lesson3.csproj", "{2849F9F1-0EBB-4901-B742-52EC691F3542}"
EndProject
Project("{9A19103F-16F7-4668-BE54-9A1E7A4F7556}") = "Lesson4", "src\Lesson4\Lesson4.csproj", "{760D767A-B247-4193-8F8F-0BFE812DC761}"
EndProject
Project("{FAE04EC0-301F-11D3-BF4B-00C04F79EFBC}") = "Lesson5", "Lesson5\Lesson5.csproj", "{28ADC052-55A8-4EEC-8AD7-44D2C3F5AC56}"
EndProject
Project("{FAE04EC0-301F-11D3-BF4B-00C04F79EFBC}") = "Lesson5_WindowsForms", "Lesson5_WindowsForms\Lesson5_WindowsForms.csproj", "{9BF83F60-B28F-4948-B988-1D2AFB237670}"
EndProject
Project("{FAE04EC0-301F-11D3-BF4B-00C04F79EFBC}") = "Lesson6", "src\Lesson6\Lesson6.csproj", "{72BD22F3-8509-4482-8C5C-564C5AB06AEC}"
EndProject
Project("{FAE04EC0-301F-11D3-BF4B-00C04F79EFBC}") = "Lesson7", "src\Lesson7\Lesson7.csproj", "{0932D090-7AE0-497A-BB95-2456A6EB8DD0}"
EndProject
Project("{FAE04EC0-301F-11D3-BF4B-00C04F79EFBC}") = "Lesson8.1", "src\Lesson8.1\Lesson8.1.csproj", "{AD95C352-82F0-496F-BD10-9A1B97C5DF22}"
EndProject
Project("{FAE04EC0-301F-11D3-BF4B-00C04F79EFBC}") = "Lesson9", "src\Lesson9\Lesson9.csproj", "{72D05B46-4E20-4F60-B435-907A13B656CC}"
EndProject
Project("{FAE04EC0-301F-11D3-BF4B-00C04F79EFBC}") = "Lesson10", "src\Lesson10\Lesson10.csproj", "{A5F3B8FA-AD6F-4644-BBD1-483ABFC6CA12}"
EndProject
Project("{FAE04EC0-301F-11D3-BF4B-00C04F79EFBC}") = "Lesson11", "Lesson11\Lesson11.csproj", "{22D67792-C0DD-4E23-8281-87E70028AD3A}"
EndProject
Project("{FAE04EC0-301F-11D3-BF4B-00C04F79EFBC}") = "Lesson12", "Lesson12\Lesson12.csproj", "{E7A55460-C53F-4E04-9731-E26621DD46A3}"
EndProject
Project("{FAE04EC0-301F-11D3-BF4B-00C04F79EFBC}") = "Lesson12.Asp.Mvc", "Lesson12.Asp.Mvc\Lesson12.Asp.Mvc.csproj", "{F0A87556-647A-4990-B06E-14A063C18BA6}"
EndProject
Project("{FAE04EC0-301F-11D3-BF4B-00C04F79EFBC}") = "Lesson12.Asp.Api", "Lesson12.Asp.Api\Lesson12.Asp.Api.csproj", "{605EB59A-6A80-461D-96DB-8D7403024E61}"
EndProject
Project("{FAE04EC0-301F-11D3-BF4B-00C04F79EFBC}") = "Lesson12.Tests", "Lesson12.Tests\Lesson12.Tests.csproj", "{67A3C8BA-48D3-43A5-94F1-E0C7ED7C7942}"
EndProject
Project("{FAE04EC0-301F-11D3-BF4B-00C04F79EFBC}") = "Lesson13", "Lesson13\Lesson13.csproj", "{C0DF6531-7E28-4219-A18C-61848240A3D9}"
EndProject
Global
	GlobalSection(SolutionConfigurationPlatforms) = preSolution
		Debug|Any CPU = Debug|Any CPU
		Release|Any CPU = Release|Any CPU
	EndGlobalSection
	GlobalSection(ProjectConfigurationPlatforms) = postSolution
		{B99F4CE4-5E8E-47D2-BAD2-A980AC728AC8}.Debug|Any CPU.ActiveCfg = Debug|Any CPU
		{B99F4CE4-5E8E-47D2-BAD2-A980AC728AC8}.Debug|Any CPU.Build.0 = Debug|Any CPU
		{B99F4CE4-5E8E-47D2-BAD2-A980AC728AC8}.Release|Any CPU.ActiveCfg = Release|Any CPU
		{B99F4CE4-5E8E-47D2-BAD2-A980AC728AC8}.Release|Any CPU.Build.0 = Release|Any CPU
		{463552C8-A94E-4BF1-92C1-B98F5612F576}.Debug|Any CPU.ActiveCfg = Debug|Any CPU
		{463552C8-A94E-4BF1-92C1-B98F5612F576}.Debug|Any CPU.Build.0 = Debug|Any CPU
		{463552C8-A94E-4BF1-92C1-B98F5612F576}.Release|Any CPU.ActiveCfg = Release|Any CPU
		{463552C8-A94E-4BF1-92C1-B98F5612F576}.Release|Any CPU.Build.0 = Release|Any CPU
		{2849F9F1-0EBB-4901-B742-52EC691F3542}.Debug|Any CPU.ActiveCfg = Debug|Any CPU
		{2849F9F1-0EBB-4901-B742-52EC691F3542}.Debug|Any CPU.Build.0 = Debug|Any CPU
		{2849F9F1-0EBB-4901-B742-52EC691F3542}.Release|Any CPU.ActiveCfg = Release|Any CPU
		{2849F9F1-0EBB-4901-B742-52EC691F3542}.Release|Any CPU.Build.0 = Release|Any CPU
		{760D767A-B247-4193-8F8F-0BFE812DC761}.Debug|Any CPU.ActiveCfg = Debug|Any CPU
		{760D767A-B247-4193-8F8F-0BFE812DC761}.Debug|Any CPU.Build.0 = Debug|Any CPU
		{760D767A-B247-4193-8F8F-0BFE812DC761}.Release|Any CPU.ActiveCfg = Release|Any CPU
		{760D767A-B247-4193-8F8F-0BFE812DC761}.Release|Any CPU.Build.0 = Release|Any CPU
		{28ADC052-55A8-4EEC-8AD7-44D2C3F5AC56}.Debug|Any CPU.ActiveCfg = Debug|Any CPU
		{28ADC052-55A8-4EEC-8AD7-44D2C3F5AC56}.Debug|Any CPU.Build.0 = Debug|Any CPU
		{28ADC052-55A8-4EEC-8AD7-44D2C3F5AC56}.Release|Any CPU.ActiveCfg = Release|Any CPU
		{28ADC052-55A8-4EEC-8AD7-44D2C3F5AC56}.Release|Any CPU.Build.0 = Release|Any CPU
		{9BF83F60-B28F-4948-B988-1D2AFB237670}.Debug|Any CPU.ActiveCfg = Debug|Any CPU
		{9BF83F60-B28F-4948-B988-1D2AFB237670}.Debug|Any CPU.Build.0 = Debug|Any CPU
		{9BF83F60-B28F-4948-B988-1D2AFB237670}.Release|Any CPU.ActiveCfg = Release|Any CPU
		{9BF83F60-B28F-4948-B988-1D2AFB237670}.Release|Any CPU.Build.0 = Release|Any CPU
		{72BD22F3-8509-4482-8C5C-564C5AB06AEC}.Debug|Any CPU.ActiveCfg = Debug|Any CPU
		{72BD22F3-8509-4482-8C5C-564C5AB06AEC}.Debug|Any CPU.Build.0 = Debug|Any CPU
		{72BD22F3-8509-4482-8C5C-564C5AB06AEC}.Release|Any CPU.ActiveCfg = Release|Any CPU
		{72BD22F3-8509-4482-8C5C-564C5AB06AEC}.Release|Any CPU.Build.0 = Release|Any CPU
		{0932D090-7AE0-497A-BB95-2456A6EB8DD0}.Debug|Any CPU.ActiveCfg = Debug|Any CPU
		{0932D090-7AE0-497A-BB95-2456A6EB8DD0}.Debug|Any CPU.Build.0 = Debug|Any CPU
		{0932D090-7AE0-497A-BB95-2456A6EB8DD0}.Release|Any CPU.ActiveCfg = Release|Any CPU
		{0932D090-7AE0-497A-BB95-2456A6EB8DD0}.Release|Any CPU.Build.0 = Release|Any CPU
		{AD95C352-82F0-496F-BD10-9A1B97C5DF22}.Debug|Any CPU.ActiveCfg = Debug|Any CPU
		{AD95C352-82F0-496F-BD10-9A1B97C5DF22}.Debug|Any CPU.Build.0 = Debug|Any CPU
		{AD95C352-82F0-496F-BD10-9A1B97C5DF22}.Release|Any CPU.ActiveCfg = Release|Any CPU
		{AD95C352-82F0-496F-BD10-9A1B97C5DF22}.Release|Any CPU.Build.0 = Release|Any CPU
		{72D05B46-4E20-4F60-B435-907A13B656CC}.Debug|Any CPU.ActiveCfg = Debug|Any CPU
		{72D05B46-4E20-4F60-B435-907A13B656CC}.Debug|Any CPU.Build.0 = Debug|Any CPU
		{72D05B46-4E20-4F60-B435-907A13B656CC}.Release|Any CPU.ActiveCfg = Release|Any CPU
		{72D05B46-4E20-4F60-B435-907A13B656CC}.Release|Any CPU.Build.0 = Release|Any CPU
		{A5F3B8FA-AD6F-4644-BBD1-483ABFC6CA12}.Debug|Any CPU.ActiveCfg = Debug|Any CPU
		{A5F3B8FA-AD6F-4644-BBD1-483ABFC6CA12}.Debug|Any CPU.Build.0 = Debug|Any CPU
		{A5F3B8FA-AD6F-4644-BBD1-483ABFC6CA12}.Release|Any CPU.ActiveCfg = Release|Any CPU
		{A5F3B8FA-AD6F-4644-BBD1-483ABFC6CA12}.Release|Any CPU.Build.0 = Release|Any CPU
		{22D67792-C0DD-4E23-8281-87E70028AD3A}.Debug|Any CPU.ActiveCfg = Debug|Any CPU
		{22D67792-C0DD-4E23-8281-87E70028AD3A}.Debug|Any CPU.Build.0 = Debug|Any CPU
		{22D67792-C0DD-4E23-8281-87E70028AD3A}.Release|Any CPU.ActiveCfg = Release|Any CPU
		{22D67792-C0DD-4E23-8281-87E70028AD3A}.Release|Any CPU.Build.0 = Release|Any CPU
		{E7A55460-C53F-4E04-9731-E26621DD46A3}.Debug|Any CPU.ActiveCfg = Debug|Any CPU
		{E7A55460-C53F-4E04-9731-E26621DD46A3}.Debug|Any CPU.Build.0 = Debug|Any CPU
		{E7A55460-C53F-4E04-9731-E26621DD46A3}.Release|Any CPU.ActiveCfg = Release|Any CPU
		{E7A55460-C53F-4E04-9731-E26621DD46A3}.Release|Any CPU.Build.0 = Release|Any CPU
		{F0A87556-647A-4990-B06E-14A063C18BA6}.Debug|Any CPU.ActiveCfg = Debug|Any CPU
		{F0A87556-647A-4990-B06E-14A063C18BA6}.Debug|Any CPU.Build.0 = Debug|Any CPU
		{F0A87556-647A-4990-B06E-14A063C18BA6}.Release|Any CPU.ActiveCfg = Release|Any CPU
		{F0A87556-647A-4990-B06E-14A063C18BA6}.Release|Any CPU.Build.0 = Release|Any CPU
		{605EB59A-6A80-461D-96DB-8D7403024E61}.Debug|Any CPU.ActiveCfg = Debug|Any CPU
		{605EB59A-6A80-461D-96DB-8D7403024E61}.Debug|Any CPU.Build.0 = Debug|Any CPU
		{605EB59A-6A80-461D-96DB-8D7403024E61}.Release|Any CPU.ActiveCfg = Release|Any CPU
		{605EB59A-6A80-461D-96DB-8D7403024E61}.Release|Any CPU.Build.0 = Release|Any CPU
		{67A3C8BA-48D3-43A5-94F1-E0C7ED7C7942}.Debug|Any CPU.ActiveCfg = Debug|Any CPU
		{67A3C8BA-48D3-43A5-94F1-E0C7ED7C7942}.Debug|Any CPU.Build.0 = Debug|Any CPU
		{67A3C8BA-48D3-43A5-94F1-E0C7ED7C7942}.Release|Any CPU.ActiveCfg = Release|Any CPU
		{67A3C8BA-48D3-43A5-94F1-E0C7ED7C7942}.Release|Any CPU.Build.0 = Release|Any CPU
		{C0DF6531-7E28-4219-A18C-61848240A3D9}.Debug|Any CPU.ActiveCfg = Debug|Any CPU
		{C0DF6531-7E28-4219-A18C-61848240A3D9}.Debug|Any CPU.Build.0 = Debug|Any CPU
		{C0DF6531-7E28-4219-A18C-61848240A3D9}.Release|Any CPU.ActiveCfg = Release|Any CPU
		{C0DF6531-7E28-4219-A18C-61848240A3D9}.Release|Any CPU.Build.0 = Release|Any CPU
	EndGlobalSection
	GlobalSection(SolutionProperties) = preSolution
		HideSolutionNode = FALSE
	EndGlobalSection
	GlobalSection(NestedProjects) = preSolution
		{B99F4CE4-5E8E-47D2-BAD2-A980AC728AC8} = {B7BAFC26-D3E2-460A-907C-E52CBF286F17}
		{463552C8-A94E-4BF1-92C1-B98F5612F576} = {B7BAFC26-D3E2-460A-907C-E52CBF286F17}
		{2849F9F1-0EBB-4901-B742-52EC691F3542} = {B7BAFC26-D3E2-460A-907C-E52CBF286F17}
		{760D767A-B247-4193-8F8F-0BFE812DC761} = {B7BAFC26-D3E2-460A-907C-E52CBF286F17}
		{28ADC052-55A8-4EEC-8AD7-44D2C3F5AC56} = {B7BAFC26-D3E2-460A-907C-E52CBF286F17}
		{72BD22F3-8509-4482-8C5C-564C5AB06AEC} = {B7BAFC26-D3E2-460A-907C-E52CBF286F17}
		{0932D090-7AE0-497A-BB95-2456A6EB8DD0} = {B7BAFC26-D3E2-460A-907C-E52CBF286F17}
		{9BF83F60-B28F-4948-B988-1D2AFB237670} = {B7BAFC26-D3E2-460A-907C-E52CBF286F17}
		{AD95C352-82F0-496F-BD10-9A1B97C5DF22} = {B7BAFC26-D3E2-460A-907C-E52CBF286F17}
		{72D05B46-4E20-4F60-B435-907A13B656CC} = {B7BAFC26-D3E2-460A-907C-E52CBF286F17}
		{A5F3B8FA-AD6F-4644-BBD1-483ABFC6CA12} = {B7BAFC26-D3E2-460A-907C-E52CBF286F17}
		{22D67792-C0DD-4E23-8281-87E70028AD3A} = {B7BAFC26-D3E2-460A-907C-E52CBF286F17}
		{E7A55460-C53F-4E04-9731-E26621DD46A3} = {B7BAFC26-D3E2-460A-907C-E52CBF286F17}
		{F0A87556-647A-4990-B06E-14A063C18BA6} = {B7BAFC26-D3E2-460A-907C-E52CBF286F17}
		{605EB59A-6A80-461D-96DB-8D7403024E61} = {B7BAFC26-D3E2-460A-907C-E52CBF286F17}
		{67A3C8BA-48D3-43A5-94F1-E0C7ED7C7942} = {B7BAFC26-D3E2-460A-907C-E52CBF286F17}
	EndGlobalSection
	GlobalSection(ExtensibilityGlobals) = postSolution
		SolutionGuid = {6967B386-E1F9-4FF4-A494-2336BC762735}
	EndGlobalSection
EndGlobal
